// !$*UTF8*$!
{
	archiveVersion = 1;
	classes = {
	};
	objectVersion = 46;
	objects = {

/* Begin PBXBuildFile section */
		45405137148EED1200173FF2 /* Cocoa.framework in Frameworks */ = {isa = PBXBuildFile; fileRef = 45405136148EED1200173FF2 /* Cocoa.framework */; };
		45405141148EED1200173FF2 /* InfoPlist.strings in Resources */ = {isa = PBXBuildFile; fileRef = 4540513F148EED1200173FF2 /* InfoPlist.strings */; };
		45405143148EED1200173FF2 /* main.m in Sources */ = {isa = PBXBuildFile; fileRef = 45405142148EED1200173FF2 /* main.m */; };
		45405147148EED1200173FF2 /* Credits.rtf in Resources */ = {isa = PBXBuildFile; fileRef = 45405145148EED1200173FF2 /* Credits.rtf */; };
		4540514A148EED1300173FF2 /* IATAppDelegate.m in Sources */ = {isa = PBXBuildFile; fileRef = 45405149148EED1300173FF2 /* IATAppDelegate.m */; };
		4540514D148EED1300173FF2 /* MainMenu.xib in Resources */ = {isa = PBXBuildFile; fileRef = 4540514B148EED1300173FF2 /* MainMenu.xib */; };
		45405155148EED1300173FF2 /* SenTestingKit.framework in Frameworks */ = {isa = PBXBuildFile; fileRef = 45405154148EED1300173FF2 /* SenTestingKit.framework */; };
		45405156148EED1300173FF2 /* Cocoa.framework in Frameworks */ = {isa = PBXBuildFile; fileRef = 45405136148EED1200173FF2 /* Cocoa.framework */; };
		4540515E148EED1300173FF2 /* InfoPlist.strings in Resources */ = {isa = PBXBuildFile; fileRef = 4540515C148EED1300173FF2 /* InfoPlist.strings */; };
		45405161148EED1300173FF2 /* Midi_TestsTests.m in Sources */ = {isa = PBXBuildFile; fileRef = 45405160148EED1300173FF2 /* Midi_TestsTests.m */; };
/* End PBXBuildFile section */

/* Begin PBXContainerItemProxy section */
		45405157148EED1300173FF2 /* PBXContainerItemProxy */ = {
			isa = PBXContainerItemProxy;
			containerPortal = 45405129148EED1200173FF2 /* Project object */;
			proxyType = 1;
			remoteGlobalIDString = 45405131148EED1200173FF2;
			remoteInfo = "Midi Tests";
		};
/* End PBXContainerItemProxy section */

/* Begin PBXFileReference section */
		45405132148EED1200173FF2 /* Midi Tests.app */ = {isa = PBXFileReference; explicitFileType = wrapper.application; includeInIndex = 0; path = "Midi Tests.app"; sourceTree = BUILT_PRODUCTS_DIR; };
		45405136148EED1200173FF2 /* Cocoa.framework */ = {isa = PBXFileReference; lastKnownFileType = wrapper.framework; name = Cocoa.framework; path = System/Library/Frameworks/Cocoa.framework; sourceTree = SDKROOT; };
		45405139148EED1200173FF2 /* AppKit.framework */ = {isa = PBXFileReference; lastKnownFileType = wrapper.framework; name = AppKit.framework; path = System/Library/Frameworks/AppKit.framework; sourceTree = SDKROOT; };
		4540513A148EED1200173FF2 /* CoreData.framework */ = {isa = PBXFileReference; lastKnownFileType = wrapper.framework; name = CoreData.framework; path = System/Library/Frameworks/CoreData.framework; sourceTree = SDKROOT; };
		4540513B148EED1200173FF2 /* Foundation.framework */ = {isa = PBXFileReference; lastKnownFileType = wrapper.framework; name = Foundation.framework; path = System/Library/Frameworks/Foundation.framework; sourceTree = SDKROOT; };
		4540513E148EED1200173FF2 /* Midi Tests-Info.plist */ = {isa = PBXFileReference; path = "Midi Tests-Info.plist"; sourceTree = "<group>"; };
		45405140148EED1200173FF2 /* en */ = {isa = PBXFileReference; lastKnownFileType = text.plist.strings; name = en; path = en.lproj/InfoPlist.strings; sourceTree = "<group>"; };
		45405142148EED1200173FF2 /* main.m */ = {isa = PBXFileReference; lastKnownFileType = sourcecode.c.objc; path = main.m; sourceTree = "<group>"; };
		45405144148EED1200173FF2 /* Midi Tests-Prefix.pch */ = {isa = PBXFileReference; path = "Midi Tests-Prefix.pch"; sourceTree = "<group>"; };
		45405146148EED1200173FF2 /* en */ = {isa = PBXFileReference; lastKnownFileType = text.rtf; name = en; path = en.lproj/Credits.rtf; sourceTree = "<group>"; };
		45405148148EED1300173FF2 /* IATAppDelegate.h */ = {isa = PBXFileReference; path = IATAppDelegate.h; sourceTree = "<group>"; };
		45405149148EED1300173FF2 /* IATAppDelegate.m */ = {isa = PBXFileReference; lastKnownFileType = sourcecode.c.objc; path = IATAppDelegate.m; sourceTree = "<group>"; };
		4540514C148EED1300173FF2 /* en */ = {isa = PBXFileReference; lastKnownFileType = file.xib; name = en; path = en.lproj/MainMenu.xib; sourceTree = "<group>"; };
		45405153148EED1300173FF2 /* Midi TestsTests.octest */ = {isa = PBXFileReference; explicitFileType = wrapper.cfbundle; includeInIndex = 0; path = "Midi TestsTests.octest"; sourceTree = BUILT_PRODUCTS_DIR; };
		45405154148EED1300173FF2 /* SenTestingKit.framework */ = {isa = PBXFileReference; lastKnownFileType = wrapper.framework; name = SenTestingKit.framework; path = Library/Frameworks/SenTestingKit.framework; sourceTree = DEVELOPER_DIR; };
		4540515B148EED1300173FF2 /* Midi TestsTests-Info.plist */ = {isa = PBXFileReference; path = "Midi TestsTests-Info.plist"; sourceTree = "<group>"; };
		4540515D148EED1300173FF2 /* en */ = {isa = PBXFileReference; lastKnownFileType = text.plist.strings; name = en; path = en.lproj/InfoPlist.strings; sourceTree = "<group>"; };
		4540515F148EED1300173FF2 /* Midi_TestsTests.h */ = {isa = PBXFileReference; path = Midi_TestsTests.h; sourceTree = "<group>"; };
		45405160148EED1300173FF2 /* Midi_TestsTests.m */ = {isa = PBXFileReference; lastKnownFileType = sourcecode.c.objc; path = Midi_TestsTests.m; sourceTree = "<group>"; };
/* End PBXFileReference section */

/* Begin PBXFrameworksBuildPhase section */
		4540512F148EED1200173FF2 /* Frameworks */ = {
			isa = PBXFrameworksBuildPhase;
			buildActionMask = 2147483647;
			files = (
				45405137148EED1200173FF2 /* Cocoa.framework in Frameworks */,
			);
			runOnlyForDeploymentPostprocessing = 0;
		};
		4540514F148EED1300173FF2 /* Frameworks */ = {
			isa = PBXFrameworksBuildPhase;
			buildActionMask = 2147483647;
			files = (
				45405155148EED1300173FF2 /* SenTestingKit.framework in Frameworks */,
				45405156148EED1300173FF2 /* Cocoa.framework in Frameworks */,
			);
			runOnlyForDeploymentPostprocessing = 0;
		};
/* End PBXFrameworksBuildPhase section */

/* Begin PBXGroup section */
		45405127148EED1200173FF2 = {
			isa = PBXGroup;
			children = (
				4540513C148EED1200173FF2 /* Midi Tests */,
				45405159148EED1300173FF2 /* Midi TestsTests */,
				45405135148EED1200173FF2 /* Frameworks */,
				45405133148EED1200173FF2 /* Products */,
			);
			sourceTree = "<group>";
		};
		45405133148EED1200173FF2 /* Products */ = {
			isa = PBXGroup;
			children = (
				45405132148EED1200173FF2 /* Midi Tests.app */,
				45405153148EED1300173FF2 /* Midi TestsTests.octest */,
			);
			name = Products;
			sourceTree = "<group>";
		};
		45405135148EED1200173FF2 /* Frameworks */ = {
			isa = PBXGroup;
			children = (
				45405136148EED1200173FF2 /* Cocoa.framework */,
				45405154148EED1300173FF2 /* SenTestingKit.framework */,
				45405138148EED1200173FF2 /* Other Frameworks */,
			);
			name = Frameworks;
			sourceTree = "<group>";
		};
		45405138148EED1200173FF2 /* Other Frameworks */ = {
			isa = PBXGroup;
			children = (
				45405139148EED1200173FF2 /* AppKit.framework */,
				4540513A148EED1200173FF2 /* CoreData.framework */,
				4540513B148EED1200173FF2 /* Foundation.framework */,
			);
			name = "Other Frameworks";
			sourceTree = "<group>";
		};
		4540513C148EED1200173FF2 /* Midi Tests */ = {
			isa = PBXGroup;
			children = (
				45405148148EED1300173FF2 /* IATAppDelegate.h */,
				45405149148EED1300173FF2 /* IATAppDelegate.m */,
				4540514B148EED1300173FF2 /* MainMenu.xib */,
				4540513D148EED1200173FF2 /* Supporting Files */,
			);
			path = "Midi Tests";
			sourceTree = "<group>";
		};
		4540513D148EED1200173FF2 /* Supporting Files */ = {
			isa = PBXGroup;
			children = (
				4540513E148EED1200173FF2 /* Midi Tests-Info.plist */,
				4540513F148EED1200173FF2 /* InfoPlist.strings */,
				45405142148EED1200173FF2 /* main.m */,
				45405144148EED1200173FF2 /* Midi Tests-Prefix.pch */,
				45405145148EED1200173FF2 /* Credits.rtf */,
			);
			name = "Supporting Files";
			sourceTree = "<group>";
		};
		45405159148EED1300173FF2 /* Midi TestsTests */ = {
			isa = PBXGroup;
			children = (
				4540515F148EED1300173FF2 /* Midi_TestsTests.h */,
				45405160148EED1300173FF2 /* Midi_TestsTests.m */,
				4540515A148EED1300173FF2 /* Supporting Files */,
			);
			path = "Midi TestsTests";
			sourceTree = "<group>";
		};
		4540515A148EED1300173FF2 /* Supporting Files */ = {
			isa = PBXGroup;
			children = (
				4540515B148EED1300173FF2 /* Midi TestsTests-Info.plist */,
				4540515C148EED1300173FF2 /* InfoPlist.strings */,
			);
			name = "Supporting Files";
			sourceTree = "<group>";
		};
/* End PBXGroup section */

/* Begin PBXNativeTarget section */
		45405131148EED1200173FF2 /* Midi Tests */ = {
			isa = PBXNativeTarget;
			buildConfigurationList = 45405164148EED1300173FF2 /* Build configuration list for PBXNativeTarget "Midi Tests" */;
			buildPhases = (
				4540512E148EED1200173FF2 /* Sources */,
				4540512F148EED1200173FF2 /* Frameworks */,
				45405130148EED1200173FF2 /* Resources */,
			);
			buildRules = (
			);
			dependencies = (
			);
			name = "Midi Tests";
			productName = "Midi Tests";
			productReference = 45405132148EED1200173FF2 /* Midi Tests.app */;
			productType = "com.apple.product-type.application";
		};
		45405152148EED1300173FF2 /* Midi TestsTests */ = {
			isa = PBXNativeTarget;
			buildConfigurationList = 45405167148EED1300173FF2 /* Build configuration list for PBXNativeTarget "Midi TestsTests" */;
			buildPhases = (
				4540514E148EED1300173FF2 /* Sources */,
				4540514F148EED1300173FF2 /* Frameworks */,
				45405150148EED1300173FF2 /* Resources */,
				45405151148EED1300173FF2 /* ShellScript */,
			);
			buildRules = (
			);
			dependencies = (
				45405158148EED1300173FF2 /* PBXTargetDependency */,
			);
			name = "Midi TestsTests";
			productName = "Midi TestsTests";
			productReference = 45405153148EED1300173FF2 /* Midi TestsTests.octest */;
			productType = "com.apple.product-type.bundle";
		};
/* End PBXNativeTarget section */

/* Begin PBXProject section */
		45405129148EED1200173FF2 /* Project object */ = {
			isa = PBXProject;
			attributes = {
				LastUpgradeCheck = 0420;
				ORGANIZATIONNAME = "Ingenious Arts and Technologies LLC";
			};
			buildConfigurationList = 4540512C148EED1200173FF2 /* Build configuration list for PBXProject "Midi Tests" */;
			compatibilityVersion = "Xcode 3.2";
			developmentRegion = English;
			hasScannedForEncodings = 0;
			knownRegions = (
				en,
			);
			mainGroup = 45405127148EED1200173FF2;
			productRefGroup = 45405133148EED1200173FF2 /* Products */;
			projectDirPath = "";
			projectRoot = "";
			targets = (
				45405131148EED1200173FF2 /* Midi Tests */,
				45405152148EED1300173FF2 /* Midi TestsTests */,
			);
		};
/* End PBXProject section */

/* Begin PBXResourcesBuildPhase section */
		45405130148EED1200173FF2 /* Resources */ = {
			isa = PBXResourcesBuildPhase;
			buildActionMask = 2147483647;
			files = (
				45405141148EED1200173FF2 /* InfoPlist.strings in Resources */,
				45405147148EED1200173FF2 /* Credits.rtf in Resources */,
				4540514D148EED1300173FF2 /* MainMenu.xib in Resources */,
			);
			runOnlyForDeploymentPostprocessing = 0;
		};
		45405150148EED1300173FF2 /* Resources */ = {
			isa = PBXResourcesBuildPhase;
			buildActionMask = 2147483647;
			files = (
				4540515E148EED1300173FF2 /* InfoPlist.strings in Resources */,
			);
			runOnlyForDeploymentPostprocessing = 0;
		};
/* End PBXResourcesBuildPhase section */

/* Begin PBXShellScriptBuildPhase section */
		45405151148EED1300173FF2 /* ShellScript */ = {
			isa = PBXShellScriptBuildPhase;
			buildActionMask = 2147483647;
			files = (
			);
			inputPaths = (
			);
			outputPaths = (
			);
			runOnlyForDeploymentPostprocessing = 0;
			shellPath = /bin/sh;
			shellScript = "# Run the unit tests in this test bundle.\n\"${SYSTEM_DEVELOPER_DIR}/Tools/RunUnitTests\"\n";
		};
/* End PBXShellScriptBuildPhase section */

/* Begin PBXSourcesBuildPhase section */
		4540512E148EED1200173FF2 /* Sources */ = {
			isa = PBXSourcesBuildPhase;
			buildActionMask = 2147483647;
			files = (
				45405143148EED1200173FF2 /* main.m in Sources */,
				4540514A148EED1300173FF2 /* IATAppDelegate.m in Sources */,
			);
			runOnlyForDeploymentPostprocessing = 0;
		};
		4540514E148EED1300173FF2 /* Sources */ = {
			isa = PBXSourcesBuildPhase;
			buildActionMask = 2147483647;
			files = (
				45405161148EED1300173FF2 /* Midi_TestsTests.m in Sources */,
			);
			runOnlyForDeploymentPostprocessing = 0;
		};
/* End PBXSourcesBuildPhase section */

/* Begin PBXTargetDependency section */
		45405158148EED1300173FF2 /* PBXTargetDependency */ = {
			isa = PBXTargetDependency;
			target = 45405131148EED1200173FF2 /* Midi Tests */;
			targetProxy = 45405157148EED1300173FF2 /* PBXContainerItemProxy */;
		};
/* End PBXTargetDependency section */

/* Begin PBXVariantGroup section */
		4540513F148EED1200173FF2 /* InfoPlist.strings */ = {
			isa = PBXVariantGroup;
			children = (
				45405140148EED1200173FF2 /* en */,
			);
			name = InfoPlist.strings;
			sourceTree = "<group>";
		};
		45405145148EED1200173FF2 /* Credits.rtf */ = {
			isa = PBXVariantGroup;
			children = (
				45405146148EED1200173FF2 /* en */,
			);
			name = Credits.rtf;
			sourceTree = "<group>";
		};
		4540514B148EED1300173FF2 /* MainMenu.xib */ = {
			isa = PBXVariantGroup;
			children = (
				4540514C148EED1300173FF2 /* en */,
			);
			name = MainMenu.xib;
			sourceTree = "<group>";
		};
		4540515C148EED1300173FF2 /* InfoPlist.strings */ = {
			isa = PBXVariantGroup;
			children = (
				4540515D148EED1300173FF2 /* en */,
			);
			name = InfoPlist.strings;
			sourceTree = "<group>";
		};
/* End PBXVariantGroup section */

/* Begin XCBuildConfiguration section */
		45405162148EED1300173FF2 /* Debug */ = {
			isa = XCBuildConfiguration;
			buildSettings = {
				ALWAYS_SEARCH_USER_PATHS = NO;
				ARCHS = "$(ARCHS_STANDARD_64_BIT)";
				CLANG_ENABLE_OBJC_ARC = YES;
				COPY_PHASE_STRIP = NO;
				GCC_C_LANGUAGE_STANDARD = gnu99;
				GCC_DYNAMIC_NO_PIC = NO;
				GCC_ENABLE_OBJC_EXCEPTIONS = YES;
				GCC_OPTIMIZATION_LEVEL = 0;
				GCC_PREPROCESSOR_DEFINITIONS = (
					"DEBUG=1",
					"$(inherited)",
				);
				GCC_SYMBOLS_PRIVATE_EXTERN = NO;
				GCC_VERSION = com.apple.compilers.llvm.clang.1_0;
				GCC_WARN_64_TO_32_BIT_CONVERSION = YES;
				GCC_WARN_ABOUT_MISSING_PROTOTYPES = YES;
				GCC_WARN_ABOUT_RETURN_TYPE = YES;
				GCC_WARN_UNUSED_VARIABLE = YES;
				MACOSX_DEPLOYMENT_TARGET = 10.7;
				ONLY_ACTIVE_ARCH = YES;
				SDKROOT = macosx;
			};
			name = Debug;
		};
		45405163148EED1300173FF2 /* Release */ = {
			isa = XCBuildConfiguration;
			buildSettings = {
				ALWAYS_SEARCH_USER_PATHS = NO;
				ARCHS = "$(ARCHS_STANDARD_64_BIT)";
				CLANG_ENABLE_OBJC_ARC = YES;
				COPY_PHASE_STRIP = YES;
				DEBUG_INFORMATION_FORMAT = "dwarf-with-dsym";
				GCC_C_LANGUAGE_STANDARD = gnu99;
				GCC_ENABLE_OBJC_EXCEPTIONS = YES;
				GCC_VERSION = com.apple.compilers.llvm.clang.1_0;
				GCC_WARN_64_TO_32_BIT_CONVERSION = YES;
				GCC_WARN_ABOUT_MISSING_PROTOTYPES = YES;
				GCC_WARN_ABOUT_RETURN_TYPE = YES;
				GCC_WARN_UNUSED_VARIABLE = YES;
				MACOSX_DEPLOYMENT_TARGET = 10.7;
				SDKROOT = macosx;
			};
			name = Release;
		};
		45405165148EED1300173FF2 /* Debug */ = {
			isa = XCBuildConfiguration;
			buildSettings = {
				GCC_PRECOMPILE_PREFIX_HEADER = YES;
				GCC_PREFIX_HEADER = "Midi Tests/Midi Tests-Prefix.pch";
				INFOPLIST_FILE = "Midi Tests/Midi Tests-Info.plist";
				PRODUCT_NAME = "$(TARGET_NAME)";
				WRAPPER_EXTENSION = app;
			};
			name = Debug;
		};
		45405166148EED1300173FF2 /* Release */ = {
			isa = XCBuildConfiguration;
			buildSettings = {
				GCC_PRECOMPILE_PREFIX_HEADER = YES;
				GCC_PREFIX_HEADER = "Midi Tests/Midi Tests-Prefix.pch";
				INFOPLIST_FILE = "Midi Tests/Midi Tests-Info.plist";
				PRODUCT_NAME = "$(TARGET_NAME)";
				WRAPPER_EXTENSION = app;
			};
			name = Release;
		};
		45405168148EED1300173FF2 /* Debug */ = {
			isa = XCBuildConfiguration;
			buildSettings = {
				BUNDLE_LOADER = "$(BUILT_PRODUCTS_DIR)/Midi Tests.app/Contents/MacOS/Midi Tests";
				FRAMEWORK_SEARCH_PATHS = "$(DEVELOPER_LIBRARY_DIR)/Frameworks";
				GCC_PRECOMPILE_PREFIX_HEADER = YES;
				GCC_PREFIX_HEADER = "Midi Tests/Midi Tests-Prefix.pch";
				INFOPLIST_FILE = "Midi TestsTests/Midi TestsTests-Info.plist";
				PRODUCT_NAME = "$(TARGET_NAME)";
				TEST_HOST = "$(BUNDLE_LOADER)";
				WRAPPER_EXTENSION = octest;
			};
			name = Debug;
		};
		45405169148EED1300173FF2 /* Release */ = {
			isa = XCBuildConfiguration;
			buildSettings = {
				BUNDLE_LOADER = "$(BUILT_PRODUCTS_DIR)/Midi Tests.app/Contents/MacOS/Midi Tests";
				FRAMEWORK_SEARCH_PATHS = "$(DEVELOPER_LIBRARY_DIR)/Frameworks";
				GCC_PRECOMPILE_PREFIX_HEADER = YES;
				GCC_PREFIX_HEADER = "Midi Tests/Midi Tests-Prefix.pch";
				INFOPLIST_FILE = "Midi TestsTests/Midi TestsTests-Info.plist";
				PRODUCT_NAME = "$(TARGET_NAME)";
				TEST_HOST = "$(BUNDLE_LOADER)";
				WRAPPER_EXTENSION = octest;
			};
			name = Release;
		};
/* End XCBuildConfiguration section */

/* Begin XCConfigurationList section */
		4540512C148EED1200173FF2 /* Build configuration list for PBXProject "Midi Tests" */ = {
			isa = XCConfigurationList;
			buildConfigurations = (
				45405162148EED1300173FF2 /* Debug */,
				45405163148EED1300173FF2 /* Release */,
			);
			defaultConfigurationIsVisible = 0;
			defaultConfigurationName = Release;
		};
		45405164148EED1300173FF2 /* Build configuration list for PBXNativeTarget "Midi Tests" */ = {
			isa = XCConfigurationList;
			buildConfigurations = (
				45405165148EED1300173FF2 /* Debug */,
				45405166148EED1300173FF2 /* Release */,
			);
			defaultConfigurationIsVisible = 0;
		};
		45405167148EED1300173FF2 /* Build configuration list for PBXNativeTarget "Midi TestsTests" */ = {
			isa = XCConfigurationList;
			buildConfigurations = (
				45405168148EED1300173FF2 /* Debug */,
				45405169148EED1300173FF2 /* Release */,
			);
			defaultConfigurationIsVisible = 0;
		};
/* End XCConfigurationList section */
	};
	rootObject = 45405129148EED1200173FF2 /* Project object */;
}
